
Microsoft Visual Studio Solution File, Format Version 12.00
# Visual Studio 14
VisualStudioVersion = 14.0.25420.1
MinimumVisualStudioVersion = 10.0.40219.1
Project("{FAE04EC0-301F-11D3-BF4B-00C04F79EFBC}") = "Employees.Client", "Employees.Client\Employees.Client.csproj", "{A9D64AA8-358D-4839-BCFB-36D099FC1997}"
EndProject
Project("{FAE04EC0-301F-11D3-BF4B-00C04F79EFBC}") = "Employees.Models", "Employees.Models\Employees.Models.csproj", "{EE28DAB0-A8B6-472D-B673-F2A40F9A90BA}"
EndProject
Project("{FAE04EC0-301F-11D3-BF4B-00C04F79EFBC}") = "Employees.Data", "Employees.Data\Employees.Data.csproj", "{2E76EB45-29CB-4E3B-9580-A45962FFF36C}"
EndProject
Global
	GlobalSection(SolutionConfigurationPlatforms) = preSolution
		Debug|Any CPU = Debug|Any CPU
		Release|Any CPU = Release|Any CPU
	EndGlobalSection
	GlobalSection(ProjectConfigurationPlatforms) = postSolution
		{A9D64AA8-358D-4839-BCFB-36D099FC1997}.Debug|Any CPU.ActiveCfg = Debug|Any CPU
		{A9D64AA8-358D-4839-BCFB-36D099FC1997}.Debug|Any CPU.Build.0 = Debug|Any CPU
		{A9D64AA8-358D-4839-BCFB-36D099FC1997}.Release|Any CPU.ActiveCfg = Release|Any CPU
		{A9D64AA8-358D-4839-BCFB-36D099FC1997}.Release|Any CPU.Build.0 = Release|Any CPU
		{EE28DAB0-A8B6-472D-B673-F2A40F9A90BA}.Debug|Any CPU.ActiveCfg = Debug|Any CPU
		{EE28DAB0-A8B6-472D-B673-F2A40F9A90BA}.Debug|Any CPU.Build.0 = Debug|Any CPU
		{EE28DAB0-A8B6-472D-B673-F2A40F9A90BA}.Release|Any CPU.ActiveCfg = Release|Any CPU
		{EE28DAB0-A8B6-472D-B673-F2A40F9A90BA}.Release|Any CPU.Build.0 = Release|Any CPU
		{2E76EB45-29CB-4E3B-9580-A45962FFF36C}.Debug|Any CPU.ActiveCfg = Debug|Any CPU
		{2E76EB45-29CB-4E3B-9580-A45962FFF36C}.Debug|Any CPU.Build.0 = Debug|Any CPU
		{2E76EB45-29CB-4E3B-9580-A45962FFF36C}.Release|Any CPU.ActiveCfg = Release|Any CPU
		{2E76EB45-29CB-4E3B-9580-A45962FFF36C}.Release|Any CPU.Build.0 = Release|Any CPU
	EndGlobalSection
	GlobalSection(SolutionProperties) = preSolution
		HideSolutionNode = FALSE
	EndGlobalSection
EndGlobal
