
Microsoft Visual Studio Solution File, Format Version 12.00
# Visual Studio 14
VisualStudioVersion = 14.0.25420.1
MinimumVisualStudioVersion = 10.0.40219.1
Project("{FAE04EC0-301F-11D3-BF4B-00C04F79EFBC}") = "ProductsShop.Models", "ProductsShop.Models\ProductsShop.Models.csproj", "{F1457B9E-E964-42C6-8DD1-53F832AD07BE}"
EndProject
Project("{FAE04EC0-301F-11D3-BF4B-00C04F79EFBC}") = "ProductsShop.Data", "ProductsShop.Data\ProductsShop.Data.csproj", "{81E3483F-15AE-46A7-82F8-262F9AEA8EB5}"
EndProject
Project("{FAE04EC0-301F-11D3-BF4B-00C04F79EFBC}") = "ProductsShop.Client", "ProductsShop.Client\ProductsShop.Client.csproj", "{7569D3A2-38CD-4056-9F9D-BCE4C6B1CC09}"
EndProject
Project("{FAE04EC0-301F-11D3-BF4B-00C04F79EFBC}") = "CarDealer.Models", "CarDealer.Models\CarDealer.Models.csproj", "{EA615AE6-F764-4954-A3A7-ABAF353BE528}"
EndProject
Project("{FAE04EC0-301F-11D3-BF4B-00C04F79EFBC}") = "CarDealer.Data", "CarDealer.Data\CarDealer.Data.csproj", "{382F7BE6-A75C-43B6-BEE7-CB8989AFBBAD}"
EndProject
Project("{FAE04EC0-301F-11D3-BF4B-00C04F79EFBC}") = "CarDealer.Client", "CarDealer.Client\CarDealer.Client.csproj", "{CAE48720-046C-406F-AD97-240451A245EB}"
EndProject
Global
	GlobalSection(SolutionConfigurationPlatforms) = preSolution
		Debug|Any CPU = Debug|Any CPU
		Release|Any CPU = Release|Any CPU
	EndGlobalSection
	GlobalSection(ProjectConfigurationPlatforms) = postSolution
		{F1457B9E-E964-42C6-8DD1-53F832AD07BE}.Debug|Any CPU.ActiveCfg = Debug|Any CPU
		{F1457B9E-E964-42C6-8DD1-53F832AD07BE}.Debug|Any CPU.Build.0 = Debug|Any CPU
		{F1457B9E-E964-42C6-8DD1-53F832AD07BE}.Release|Any CPU.ActiveCfg = Release|Any CPU
		{F1457B9E-E964-42C6-8DD1-53F832AD07BE}.Release|Any CPU.Build.0 = Release|Any CPU
		{81E3483F-15AE-46A7-82F8-262F9AEA8EB5}.Debug|Any CPU.ActiveCfg = Debug|Any CPU
		{81E3483F-15AE-46A7-82F8-262F9AEA8EB5}.Debug|Any CPU.Build.0 = Debug|Any CPU
		{81E3483F-15AE-46A7-82F8-262F9AEA8EB5}.Release|Any CPU.ActiveCfg = Release|Any CPU
		{81E3483F-15AE-46A7-82F8-262F9AEA8EB5}.Release|Any CPU.Build.0 = Release|Any CPU
		{7569D3A2-38CD-4056-9F9D-BCE4C6B1CC09}.Debug|Any CPU.ActiveCfg = Debug|Any CPU
		{7569D3A2-38CD-4056-9F9D-BCE4C6B1CC09}.Debug|Any CPU.Build.0 = Debug|Any CPU
		{7569D3A2-38CD-4056-9F9D-BCE4C6B1CC09}.Release|Any CPU.ActiveCfg = Release|Any CPU
		{7569D3A2-38CD-4056-9F9D-BCE4C6B1CC09}.Release|Any CPU.Build.0 = Release|Any CPU
		{EA615AE6-F764-4954-A3A7-ABAF353BE528}.Debug|Any CPU.ActiveCfg = Debug|Any CPU
		{EA615AE6-F764-4954-A3A7-ABAF353BE528}.Debug|Any CPU.Build.0 = Debug|Any CPU
		{EA615AE6-F764-4954-A3A7-ABAF353BE528}.Release|Any CPU.ActiveCfg = Release|Any CPU
		{EA615AE6-F764-4954-A3A7-ABAF353BE528}.Release|Any CPU.Build.0 = Release|Any CPU
		{382F7BE6-A75C-43B6-BEE7-CB8989AFBBAD}.Debug|Any CPU.ActiveCfg = Debug|Any CPU
		{382F7BE6-A75C-43B6-BEE7-CB8989AFBBAD}.Debug|Any CPU.Build.0 = Debug|Any CPU
		{382F7BE6-A75C-43B6-BEE7-CB8989AFBBAD}.Release|Any CPU.ActiveCfg = Release|Any CPU
		{382F7BE6-A75C-43B6-BEE7-CB8989AFBBAD}.Release|Any CPU.Build.0 = Release|Any CPU
		{CAE48720-046C-406F-AD97-240451A245EB}.Debug|Any CPU.ActiveCfg = Debug|Any CPU
		{CAE48720-046C-406F-AD97-240451A245EB}.Debug|Any CPU.Build.0 = Debug|Any CPU
		{CAE48720-046C-406F-AD97-240451A245EB}.Release|Any CPU.ActiveCfg = Release|Any CPU
		{CAE48720-046C-406F-AD97-240451A245EB}.Release|Any CPU.Build.0 = Release|Any CPU
	EndGlobalSection
	GlobalSection(SolutionProperties) = preSolution
		HideSolutionNode = FALSE
	EndGlobalSection
EndGlobal
