
Microsoft Visual Studio Solution File, Format Version 12.00
# Visual Studio 14
VisualStudioVersion = 14.0.25420.1
MinimumVisualStudioVersion = 10.0.40219.1
Project("{FAE04EC0-301F-11D3-BF4B-00C04F79EFBC}") = "Exercises-Gringotts", "Exercises-Gringotts\Exercises-Gringotts.csproj", "{B062D830-B638-4BFB-AC72-E41CE538B92D}"
EndProject
Project("{FAE04EC0-301F-11D3-BF4B-00C04F79EFBC}") = "Exercises-SoftUni", "Exercises-SoftUni\Exercises-SoftUni.csproj", "{34DB1A6F-B7B6-4484-8034-3279497666C0}"
EndProject
Global
	GlobalSection(SolutionConfigurationPlatforms) = preSolution
		Debug|Any CPU = Debug|Any CPU
		Release|Any CPU = Release|Any CPU
	EndGlobalSection
	GlobalSection(ProjectConfigurationPlatforms) = postSolution
		{B062D830-B638-4BFB-AC72-E41CE538B92D}.Debug|Any CPU.ActiveCfg = Debug|Any CPU
		{B062D830-B638-4BFB-AC72-E41CE538B92D}.Debug|Any CPU.Build.0 = Debug|Any CPU
		{B062D830-B638-4BFB-AC72-E41CE538B92D}.Release|Any CPU.ActiveCfg = Release|Any CPU
		{B062D830-B638-4BFB-AC72-E41CE538B92D}.Release|Any CPU.Build.0 = Release|Any CPU
		{34DB1A6F-B7B6-4484-8034-3279497666C0}.Debug|Any CPU.ActiveCfg = Debug|Any CPU
		{34DB1A6F-B7B6-4484-8034-3279497666C0}.Debug|Any CPU.Build.0 = Debug|Any CPU
		{34DB1A6F-B7B6-4484-8034-3279497666C0}.Release|Any CPU.ActiveCfg = Release|Any CPU
		{34DB1A6F-B7B6-4484-8034-3279497666C0}.Release|Any CPU.Build.0 = Release|Any CPU
	EndGlobalSection
	GlobalSection(SolutionProperties) = preSolution
		HideSolutionNode = FALSE
	EndGlobalSection
EndGlobal
