
Microsoft Visual Studio Solution File, Format Version 12.00
# Visual Studio 14
VisualStudioVersion = 14.0.25420.1
MinimumVisualStudioVersion = 10.0.40219.1
Project("{FAE04EC0-301F-11D3-BF4B-00C04F79EFBC}") = "PlanetHunters.Models", "PlanetHunters.Models\PlanetHunters.Models.csproj", "{ED41A5EE-56A6-4651-9D51-14FAA11E46E6}"
EndProject
Project("{FAE04EC0-301F-11D3-BF4B-00C04F79EFBC}") = "PlanetHunters.Data", "PlanetHunters.Data\PlanetHunters.Data.csproj", "{633D3C2B-8FB7-419A-8881-0E39326ED3AB}"
EndProject
Project("{FAE04EC0-301F-11D3-BF4B-00C04F79EFBC}") = "PlanetHunters.Client", "PlanetHunters.Client\PlanetHunters.Client.csproj", "{D88527AB-6886-4C4B-86D3-0A800145996F}"
EndProject
Project("{FAE04EC0-301F-11D3-BF4B-00C04F79EFBC}") = "PlanetHunters.Import", "PlanetHunters.Import\PlanetHunters.Import.csproj", "{3BCDEC8A-38D5-4CC5-8A7B-D465495084F7}"
EndProject
Project("{FAE04EC0-301F-11D3-BF4B-00C04F79EFBC}") = "PlanetHunters.Export", "PlanetHunters.Export\PlanetHunters.Export.csproj", "{386BA7A6-2ECD-4475-A05F-D3D52278FBB1}"
EndProject
Project("{2150E333-8FDC-42A3-9474-1A3956D46DE8}") = "Solution Items", "Solution Items", "{4E3D07AA-0070-42C8-86A8-6DFBC8B5F2AC}"
	ProjectSection(SolutionItems) = preProject
		ReadMe.txt = ReadMe.txt
	EndProjectSection
EndProject
Global
	GlobalSection(SolutionConfigurationPlatforms) = preSolution
		Debug|Any CPU = Debug|Any CPU
		Release|Any CPU = Release|Any CPU
	EndGlobalSection
	GlobalSection(ProjectConfigurationPlatforms) = postSolution
		{ED41A5EE-56A6-4651-9D51-14FAA11E46E6}.Debug|Any CPU.ActiveCfg = Debug|Any CPU
		{ED41A5EE-56A6-4651-9D51-14FAA11E46E6}.Debug|Any CPU.Build.0 = Debug|Any CPU
		{ED41A5EE-56A6-4651-9D51-14FAA11E46E6}.Release|Any CPU.ActiveCfg = Release|Any CPU
		{ED41A5EE-56A6-4651-9D51-14FAA11E46E6}.Release|Any CPU.Build.0 = Release|Any CPU
		{633D3C2B-8FB7-419A-8881-0E39326ED3AB}.Debug|Any CPU.ActiveCfg = Debug|Any CPU
		{633D3C2B-8FB7-419A-8881-0E39326ED3AB}.Debug|Any CPU.Build.0 = Debug|Any CPU
		{633D3C2B-8FB7-419A-8881-0E39326ED3AB}.Release|Any CPU.ActiveCfg = Release|Any CPU
		{633D3C2B-8FB7-419A-8881-0E39326ED3AB}.Release|Any CPU.Build.0 = Release|Any CPU
		{D88527AB-6886-4C4B-86D3-0A800145996F}.Debug|Any CPU.ActiveCfg = Debug|Any CPU
		{D88527AB-6886-4C4B-86D3-0A800145996F}.Debug|Any CPU.Build.0 = Debug|Any CPU
		{D88527AB-6886-4C4B-86D3-0A800145996F}.Release|Any CPU.ActiveCfg = Release|Any CPU
		{D88527AB-6886-4C4B-86D3-0A800145996F}.Release|Any CPU.Build.0 = Release|Any CPU
		{3BCDEC8A-38D5-4CC5-8A7B-D465495084F7}.Debug|Any CPU.ActiveCfg = Debug|Any CPU
		{3BCDEC8A-38D5-4CC5-8A7B-D465495084F7}.Debug|Any CPU.Build.0 = Debug|Any CPU
		{3BCDEC8A-38D5-4CC5-8A7B-D465495084F7}.Release|Any CPU.ActiveCfg = Release|Any CPU
		{3BCDEC8A-38D5-4CC5-8A7B-D465495084F7}.Release|Any CPU.Build.0 = Release|Any CPU
		{386BA7A6-2ECD-4475-A05F-D3D52278FBB1}.Debug|Any CPU.ActiveCfg = Debug|Any CPU
		{386BA7A6-2ECD-4475-A05F-D3D52278FBB1}.Debug|Any CPU.Build.0 = Debug|Any CPU
		{386BA7A6-2ECD-4475-A05F-D3D52278FBB1}.Release|Any CPU.ActiveCfg = Release|Any CPU
		{386BA7A6-2ECD-4475-A05F-D3D52278FBB1}.Release|Any CPU.Build.0 = Release|Any CPU
	EndGlobalSection
	GlobalSection(SolutionProperties) = preSolution
		HideSolutionNode = FALSE
	EndGlobalSection
EndGlobal
